
Microsoft Visual Studio Solution File, Format Version 11.00
# Visual Studio 2010
Project("{FAE04EC0-301F-11D3-BF4B-00C04F79EFBC}") = "Asset bundle", "Assembly-CSharp.csproj", "{CF71ABFE-7681-70D2-8514-8F3DDC363CF4}"
EndProject
Project("{FAE04EC0-301F-11D3-BF4B-00C04F79EFBC}") = "Asset bundle", "Assembly-CSharp-Editor.csproj", "{D351ADB0-9EEB-708F-83E9-A05F7382784A}"
EndProject
Global
	GlobalSection(SolutionConfigurationPlatforms) = preSolution
		Debug|Any CPU = Debug|Any CPU
		Release|Any CPU = Release|Any CPU
	EndGlobalSection
	GlobalSection(ProjectConfigurationPlatforms) = postSolution
		{CF71ABFE-7681-70D2-8514-8F3DDC363CF4}.Debug|Any CPU.ActiveCfg = Debug|Any CPU
		{CF71ABFE-7681-70D2-8514-8F3DDC363CF4}.Debug|Any CPU.Build.0 = Debug|Any CPU
		{CF71ABFE-7681-70D2-8514-8F3DDC363CF4}.Release|Any CPU.ActiveCfg = Release|Any CPU
		{CF71ABFE-7681-70D2-8514-8F3DDC363CF4}.Release|Any CPU.Build.0 = Release|Any CPU
		{D351ADB0-9EEB-708F-83E9-A05F7382784A}.Debug|Any CPU.ActiveCfg = Debug|Any CPU
		{D351ADB0-9EEB-708F-83E9-A05F7382784A}.Debug|Any CPU.Build.0 = Debug|Any CPU
		{D351ADB0-9EEB-708F-83E9-A05F7382784A}.Release|Any CPU.ActiveCfg = Release|Any CPU
		{D351ADB0-9EEB-708F-83E9-A05F7382784A}.Release|Any CPU.Build.0 = Release|Any CPU
	EndGlobalSection
	GlobalSection(SolutionProperties) = preSolution
		HideSolutionNode = FALSE
	EndGlobalSection
	GlobalSection(MonoDevelopProperties) = preSolution
		StartupItem = Assembly-CSharp.csproj
	EndGlobalSection
EndGlobal
